
Microsoft Visual Studio Solution File, Format Version 12.00
# Visual Studio Version 17
VisualStudioVersion = 17.11.35222.181
MinimumVisualStudioVersion = 10.0.40219.1
Project("{9A19103F-16F7-4668-BE54-9A1E7A4F7556}") = "App.Repositories", "Repositories\App.Repositories.csproj", "{34595266-B9EA-49F4-870F-0E72659BBF48}"
EndProject
Project("{9A19103F-16F7-4668-BE54-9A1E7A4F7556}") = "App.Services", "Services\App.Services.csproj", "{DA28F0A6-C07B-4615-99FF-A5305032E7E1}"
EndProject
Project("{9A19103F-16F7-4668-BE54-9A1E7A4F7556}") = "App.API", "App.API\App.API.csproj", "{214EE612-1ABD-4926-9541-961544F6C063}"
EndProject
Project("{2150E333-8FDC-42A3-9474-1A3956D46DE8}") = "NLayer", "NLayer", "{E143A8DC-2989-47AB-8050-1F1F85A5C03D}"
EndProject
Project("{2150E333-8FDC-42A3-9474-1A3956D46DE8}") = "CleanArchitecture", "CleanArchitecture", "{E802DFC9-1F8B-41D3-B672-0A0708AE8B78}"
EndProject
Project("{2150E333-8FDC-42A3-9474-1A3956D46DE8}") = "Src", "Src", "{07039217-61DD-4F3D-ACDB-AC60367DF107}"
EndProject
Project("{2150E333-8FDC-42A3-9474-1A3956D46DE8}") = "test", "test", "{6282895C-76EB-4AC2-BDCE-EE8D222B1756}"
EndProject
Project("{2150E333-8FDC-42A3-9474-1A3956D46DE8}") = "Core", "Core", "{74333B6D-C8A9-47D9-897B-0912DFA2899D}"
EndProject
Project("{FAE04EC0-301F-11D3-BF4B-00C04F79EFBC}") = "App.Domain", "App.Domain\App.Domain.csproj", "{38F3BD5E-C700-4616-A1A1-97842AAE8053}"
EndProject
Project("{FAE04EC0-301F-11D3-BF4B-00C04F79EFBC}") = "App.Application", "App.Application\App.Application.csproj", "{AE531E8A-7684-41FC-A832-59F12632A463}"
EndProject
Project("{2150E333-8FDC-42A3-9474-1A3956D46DE8}") = "Infrastructure", "Infrastructure", "{D467C497-5E4D-416B-AF00-8D122237CF13}"
EndProject
Project("{FAE04EC0-301F-11D3-BF4B-00C04F79EFBC}") = "App.Persistence", "App.Persistence\App.Persistence.csproj", "{4465CF66-861D-47C7-AFC4-1C3CFF705BEC}"
EndProject
Project("{2150E333-8FDC-42A3-9474-1A3956D46DE8}") = "API", "API", "{DEFB3582-9CB1-458C-8333-DB001C32E7BB}"
EndProject
Project("{FAE04EC0-301F-11D3-BF4B-00C04F79EFBC}") = "CleanApp.API", "CleanApp.API\CleanApp.API.csproj", "{DE8EBE92-C5B7-416E-92B3-F94A9BF17EE0}"
EndProject
Global
	GlobalSection(SolutionConfigurationPlatforms) = preSolution
		Debug|Any CPU = Debug|Any CPU
		Release|Any CPU = Release|Any CPU
	EndGlobalSection
	GlobalSection(ProjectConfigurationPlatforms) = postSolution
		{34595266-B9EA-49F4-870F-0E72659BBF48}.Debug|Any CPU.ActiveCfg = Debug|Any CPU
		{34595266-B9EA-49F4-870F-0E72659BBF48}.Debug|Any CPU.Build.0 = Debug|Any CPU
		{34595266-B9EA-49F4-870F-0E72659BBF48}.Release|Any CPU.ActiveCfg = Release|Any CPU
		{34595266-B9EA-49F4-870F-0E72659BBF48}.Release|Any CPU.Build.0 = Release|Any CPU
		{DA28F0A6-C07B-4615-99FF-A5305032E7E1}.Debug|Any CPU.ActiveCfg = Debug|Any CPU
		{DA28F0A6-C07B-4615-99FF-A5305032E7E1}.Debug|Any CPU.Build.0 = Debug|Any CPU
		{DA28F0A6-C07B-4615-99FF-A5305032E7E1}.Release|Any CPU.ActiveCfg = Release|Any CPU
		{DA28F0A6-C07B-4615-99FF-A5305032E7E1}.Release|Any CPU.Build.0 = Release|Any CPU
		{214EE612-1ABD-4926-9541-961544F6C063}.Debug|Any CPU.ActiveCfg = Debug|Any CPU
		{214EE612-1ABD-4926-9541-961544F6C063}.Debug|Any CPU.Build.0 = Debug|Any CPU
		{214EE612-1ABD-4926-9541-961544F6C063}.Release|Any CPU.ActiveCfg = Release|Any CPU
		{214EE612-1ABD-4926-9541-961544F6C063}.Release|Any CPU.Build.0 = Release|Any CPU
		{38F3BD5E-C700-4616-A1A1-97842AAE8053}.Debug|Any CPU.ActiveCfg = Debug|Any CPU
		{38F3BD5E-C700-4616-A1A1-97842AAE8053}.Debug|Any CPU.Build.0 = Debug|Any CPU
		{38F3BD5E-C700-4616-A1A1-97842AAE8053}.Release|Any CPU.ActiveCfg = Release|Any CPU
		{38F3BD5E-C700-4616-A1A1-97842AAE8053}.Release|Any CPU.Build.0 = Release|Any CPU
		{AE531E8A-7684-41FC-A832-59F12632A463}.Debug|Any CPU.ActiveCfg = Debug|Any CPU
		{AE531E8A-7684-41FC-A832-59F12632A463}.Debug|Any CPU.Build.0 = Debug|Any CPU
		{AE531E8A-7684-41FC-A832-59F12632A463}.Release|Any CPU.ActiveCfg = Release|Any CPU
		{AE531E8A-7684-41FC-A832-59F12632A463}.Release|Any CPU.Build.0 = Release|Any CPU
		{4465CF66-861D-47C7-AFC4-1C3CFF705BEC}.Debug|Any CPU.ActiveCfg = Debug|Any CPU
		{4465CF66-861D-47C7-AFC4-1C3CFF705BEC}.Debug|Any CPU.Build.0 = Debug|Any CPU
		{4465CF66-861D-47C7-AFC4-1C3CFF705BEC}.Release|Any CPU.ActiveCfg = Release|Any CPU
		{4465CF66-861D-47C7-AFC4-1C3CFF705BEC}.Release|Any CPU.Build.0 = Release|Any CPU
		{DE8EBE92-C5B7-416E-92B3-F94A9BF17EE0}.Debug|Any CPU.ActiveCfg = Debug|Any CPU
		{DE8EBE92-C5B7-416E-92B3-F94A9BF17EE0}.Debug|Any CPU.Build.0 = Debug|Any CPU
		{DE8EBE92-C5B7-416E-92B3-F94A9BF17EE0}.Release|Any CPU.ActiveCfg = Release|Any CPU
		{DE8EBE92-C5B7-416E-92B3-F94A9BF17EE0}.Release|Any CPU.Build.0 = Release|Any CPU
	EndGlobalSection
	GlobalSection(SolutionProperties) = preSolution
		HideSolutionNode = FALSE
	EndGlobalSection
	GlobalSection(NestedProjects) = preSolution
		{34595266-B9EA-49F4-870F-0E72659BBF48} = {E143A8DC-2989-47AB-8050-1F1F85A5C03D}
		{DA28F0A6-C07B-4615-99FF-A5305032E7E1} = {E143A8DC-2989-47AB-8050-1F1F85A5C03D}
		{214EE612-1ABD-4926-9541-961544F6C063} = {E143A8DC-2989-47AB-8050-1F1F85A5C03D}
		{07039217-61DD-4F3D-ACDB-AC60367DF107} = {E802DFC9-1F8B-41D3-B672-0A0708AE8B78}
		{6282895C-76EB-4AC2-BDCE-EE8D222B1756} = {E802DFC9-1F8B-41D3-B672-0A0708AE8B78}
		{74333B6D-C8A9-47D9-897B-0912DFA2899D} = {07039217-61DD-4F3D-ACDB-AC60367DF107}
		{38F3BD5E-C700-4616-A1A1-97842AAE8053} = {74333B6D-C8A9-47D9-897B-0912DFA2899D}
		{AE531E8A-7684-41FC-A832-59F12632A463} = {74333B6D-C8A9-47D9-897B-0912DFA2899D}
		{D467C497-5E4D-416B-AF00-8D122237CF13} = {07039217-61DD-4F3D-ACDB-AC60367DF107}
		{4465CF66-861D-47C7-AFC4-1C3CFF705BEC} = {D467C497-5E4D-416B-AF00-8D122237CF13}
		{DEFB3582-9CB1-458C-8333-DB001C32E7BB} = {07039217-61DD-4F3D-ACDB-AC60367DF107}
		{DE8EBE92-C5B7-416E-92B3-F94A9BF17EE0} = {DEFB3582-9CB1-458C-8333-DB001C32E7BB}
	EndGlobalSection
	GlobalSection(ExtensibilityGlobals) = postSolution
		SolutionGuid = {875903E1-0F9D-4CAB-8C90-4AB4EB039D0E}
	EndGlobalSection
EndGlobal
